// !$*UTF8*$!
{
	archiveVersion = 1;
	classes = {
	};
	objectVersion = 51;
	objects = {

/* Begin PBXBuildFile section */
		2C6ECAD6C4368A231D343BEC /* Pods_PairProgrammingTests.framework in Frameworks */ = {isa = PBXBuildFile; fileRef = 7D0BCB0E0BF2EA9FF1CEF97E /* Pods_PairProgrammingTests.framework */; };
		9916D03B468BB825E21898CD /* Pods_PairProgramming.framework in Frameworks */ = {isa = PBXBuildFile; fileRef = 3F227828C7189B67382CE77D /* Pods_PairProgramming.framework */; };
		AC44F56D20F069E200C95DBB /* AppDelegate.swift in Sources */ = {isa = PBXBuildFile; fileRef = AC44F56C20F069E200C95DBB /* AppDelegate.swift */; };
		AC44F56F20F069E200C95DBB /* ViewController.swift in Sources */ = {isa = PBXBuildFile; fileRef = AC44F56E20F069E200C95DBB /* ViewController.swift */; };
		AC44F57420F069E300C95DBB /* Assets.xcassets in Resources */ = {isa = PBXBuildFile; fileRef = AC44F57320F069E300C95DBB /* Assets.xcassets */; };
		AC44F57720F069E300C95DBB /* LaunchScreen.storyboard in Resources */ = {isa = PBXBuildFile; fileRef = AC44F57520F069E300C95DBB /* LaunchScreen.storyboard */; };
		AC44F59220F06F0000C95DBB /* Globals.swift in Sources */ = {isa = PBXBuildFile; fileRef = AC44F59120F06F0000C95DBB /* Globals.swift */; };
		AC44F59520F06F4200C95DBB /* APIRequest.swift in Sources */ = {isa = PBXBuildFile; fileRef = AC44F59420F06F4200C95DBB /* APIRequest.swift */; };
		ACA600B8236B4ECB0075EC39 /* Notes.txt in Resources */ = {isa = PBXBuildFile; fileRef = ACA600B7236B4ECB0075EC39 /* Notes.txt */; };
/* End PBXBuildFile section */

/* Begin PBXContainerItemProxy section */
		AC44F58920F06E2200C95DBB /* PBXContainerItemProxy */ = {
			isa = PBXContainerItemProxy;
			containerPortal = AC44F56120F069E200C95DBB /* Project object */;
			proxyType = 1;
			remoteGlobalIDString = AC44F56820F069E200C95DBB;
			remoteInfo = PairProgramming;
		};
/* End PBXContainerItemProxy section */

/* Begin PBXFileReference section */
		3F227828C7189B67382CE77D /* Pods_PairProgramming.framework */ = {isa = PBXFileReference; explicitFileType = wrapper.framework; includeInIndex = 0; path = Pods_PairProgramming.framework; sourceTree = BUILT_PRODUCTS_DIR; };
		7A5D4E0EE9E5D7F95B1717F5 /* Pods-PairProgrammingTests.release.xcconfig */ = {isa = PBXFileReference; includeInIndex = 1; lastKnownFileType = text.xcconfig; name = "Pods-PairProgrammingTests.release.xcconfig"; path = "Pods/Target Support Files/Pods-PairProgrammingTests/Pods-PairProgrammingTests.release.xcconfig"; sourceTree = "<group>"; };
		7D0BCB0E0BF2EA9FF1CEF97E /* Pods_PairProgrammingTests.framework */ = {isa = PBXFileReference; explicitFileType = wrapper.framework; includeInIndex = 0; path = Pods_PairProgrammingTests.framework; sourceTree = BUILT_PRODUCTS_DIR; };
		9C782BBA3B8E2896B30AD5ED /* Pods-PairProgramming.release.xcconfig */ = {isa = PBXFileReference; includeInIndex = 1; lastKnownFileType = text.xcconfig; name = "Pods-PairProgramming.release.xcconfig"; path = "Pods/Target Support Files/Pods-PairProgramming/Pods-PairProgramming.release.xcconfig"; sourceTree = "<group>"; };
		AC44F56920F069E200C95DBB /* PairProgramming.app */ = {isa = PBXFileReference; explicitFileType = wrapper.application; includeInIndex = 0; path = PairProgramming.app; sourceTree = BUILT_PRODUCTS_DIR; };
		AC44F56C20F069E200C95DBB /* AppDelegate.swift */ = {isa = PBXFileReference; lastKnownFileType = sourcecode.swift; path = AppDelegate.swift; sourceTree = "<group>"; };
		AC44F56E20F069E200C95DBB /* ViewController.swift */ = {isa = PBXFileReference; lastKnownFileType = sourcecode.swift; path = ViewController.swift; sourceTree = "<group>"; };
		AC44F57320F069E300C95DBB /* Assets.xcassets */ = {isa = PBXFileReference; lastKnownFileType = folder.assetcatalog; path = Assets.xcassets; sourceTree = "<group>"; };
		AC44F57620F069E300C95DBB /* Base */ = {isa = PBXFileReference; lastKnownFileType = file.storyboard; name = Base; path = Base.lproj/LaunchScreen.storyboard; sourceTree = "<group>"; };
		AC44F57820F069E300C95DBB /* Info.plist */ = {isa = PBXFileReference; lastKnownFileType = text.plist.xml; path = Info.plist; sourceTree = "<group>"; };
		AC44F58420F06E2200C95DBB /* PairProgrammingTests.xctest */ = {isa = PBXFileReference; explicitFileType = wrapper.cfbundle; includeInIndex = 0; path = PairProgrammingTests.xctest; sourceTree = BUILT_PRODUCTS_DIR; };
		AC44F58820F06E2200C95DBB /* Info.plist */ = {isa = PBXFileReference; lastKnownFileType = text.plist.xml; path = Info.plist; sourceTree = "<group>"; };
		AC44F59120F06F0000C95DBB /* Globals.swift */ = {isa = PBXFileReference; lastKnownFileType = sourcecode.swift; path = Globals.swift; sourceTree = "<group>"; };
		AC44F59420F06F4200C95DBB /* APIRequest.swift */ = {isa = PBXFileReference; lastKnownFileType = sourcecode.swift; path = APIRequest.swift; sourceTree = "<group>"; };
		AC44F59620F0723F00C95DBB /* PairProgrammingTests-Bridging-Header.h */ = {isa = PBXFileReference; lastKnownFileType = sourcecode.c.h; path = "PairProgrammingTests-Bridging-Header.h"; sourceTree = "<group>"; };
		ACA600B7236B4ECB0075EC39 /* Notes.txt */ = {isa = PBXFileReference; lastKnownFileType = text; path = Notes.txt; sourceTree = "<group>"; };
		ADD73B08B65596DC3BA857B7 /* Pods-PairProgramming.debug.xcconfig */ = {isa = PBXFileReference; includeInIndex = 1; lastKnownFileType = text.xcconfig; name = "Pods-PairProgramming.debug.xcconfig"; path = "Pods/Target Support Files/Pods-PairProgramming/Pods-PairProgramming.debug.xcconfig"; sourceTree = "<group>"; };
		DC6CAADFE97F3C59A12035D6 /* Pods-PairProgrammingTests.debug.xcconfig */ = {isa = PBXFileReference; includeInIndex = 1; lastKnownFileType = text.xcconfig; name = "Pods-PairProgrammingTests.debug.xcconfig"; path = "Pods/Target Support Files/Pods-PairProgrammingTests/Pods-PairProgrammingTests.debug.xcconfig"; sourceTree = "<group>"; };
/* End PBXFileReference section */

/* Begin PBXFrameworksBuildPhase section */
		AC44F56620F069E200C95DBB /* Frameworks */ = {
			isa = PBXFrameworksBuildPhase;
			buildActionMask = 2147483647;
			files = (
				9916D03B468BB825E21898CD /* Pods_PairProgramming.framework in Frameworks */,
			);
			runOnlyForDeploymentPostprocessing = 0;
		};
		AC44F58120F06E2200C95DBB /* Frameworks */ = {
			isa = PBXFrameworksBuildPhase;
			buildActionMask = 2147483647;
			files = (
				2C6ECAD6C4368A231D343BEC /* Pods_PairProgrammingTests.framework in Frameworks */,
			);
			runOnlyForDeploymentPostprocessing = 0;
		};
/* End PBXFrameworksBuildPhase section */

/* Begin PBXGroup section */
		4A5EC14A73982CD80E4C74A9 /* Pods */ = {
			isa = PBXGroup;
			children = (
				ADD73B08B65596DC3BA857B7 /* Pods-PairProgramming.debug.xcconfig */,
				9C782BBA3B8E2896B30AD5ED /* Pods-PairProgramming.release.xcconfig */,
				DC6CAADFE97F3C59A12035D6 /* Pods-PairProgrammingTests.debug.xcconfig */,
				7A5D4E0EE9E5D7F95B1717F5 /* Pods-PairProgrammingTests.release.xcconfig */,
			);
			name = Pods;
			sourceTree = "<group>";
		};
		5E8025B649193427C0EE1C59 /* Frameworks */ = {
			isa = PBXGroup;
			children = (
				3F227828C7189B67382CE77D /* Pods_PairProgramming.framework */,
				7D0BCB0E0BF2EA9FF1CEF97E /* Pods_PairProgrammingTests.framework */,
			);
			name = Frameworks;
			sourceTree = "<group>";
		};
		AC44F56020F069E200C95DBB = {
			isa = PBXGroup;
			children = (
				AC44F56B20F069E200C95DBB /* PairProgramming */,
				AC44F58520F06E2200C95DBB /* PairProgrammingTests */,
				AC44F56A20F069E200C95DBB /* Products */,
				4A5EC14A73982CD80E4C74A9 /* Pods */,
				5E8025B649193427C0EE1C59 /* Frameworks */,
			);
			sourceTree = "<group>";
		};
		AC44F56A20F069E200C95DBB /* Products */ = {
			isa = PBXGroup;
			children = (
				AC44F56920F069E200C95DBB /* PairProgramming.app */,
				AC44F58420F06E2200C95DBB /* PairProgrammingTests.xctest */,
			);
			name = Products;
			sourceTree = "<group>";
		};
		AC44F56B20F069E200C95DBB /* PairProgramming */ = {
			isa = PBXGroup;
			children = (
				AC44F59320F06F3700C95DBB /* Networking */,
				AC44F58E20F06ED500C95DBB /* ViewControllers */,
				AC44F56C20F069E200C95DBB /* AppDelegate.swift */,
				AC44F57320F069E300C95DBB /* Assets.xcassets */,
				AC44F57520F069E300C95DBB /* LaunchScreen.storyboard */,
				AC44F57820F069E300C95DBB /* Info.plist */,
				AC44F59120F06F0000C95DBB /* Globals.swift */,
				ACA600B7236B4ECB0075EC39 /* Notes.txt */,
			);
			path = PairProgramming;
			sourceTree = "<group>";
		};
		AC44F58520F06E2200C95DBB /* PairProgrammingTests */ = {
			isa = PBXGroup;
			children = (
				AC44F58820F06E2200C95DBB /* Info.plist */,
				AC44F59620F0723F00C95DBB /* PairProgrammingTests-Bridging-Header.h */,
			);
			path = PairProgrammingTests;
			sourceTree = "<group>";
		};
		AC44F58E20F06ED500C95DBB /* ViewControllers */ = {
			isa = PBXGroup;
			children = (
				AC44F56E20F069E200C95DBB /* ViewController.swift */,
			);
			path = ViewControllers;
			sourceTree = "<group>";
		};
		AC44F59320F06F3700C95DBB /* Networking */ = {
			isa = PBXGroup;
			children = (
				AC44F59420F06F4200C95DBB /* APIRequest.swift */,
			);
			path = Networking;
			sourceTree = "<group>";
		};
/* End PBXGroup section */

/* Begin PBXNativeTarget section */
		AC44F56820F069E200C95DBB /* PairProgramming */ = {
			isa = PBXNativeTarget;
			buildConfigurationList = AC44F57B20F069E300C95DBB /* Build configuration list for PBXNativeTarget "PairProgramming" */;
			buildPhases = (
				A6BA0A0300A7C6CE16139AB6 /* [CP] Check Pods Manifest.lock */,
				AC44F56520F069E200C95DBB /* Sources */,
				AC44F56620F069E200C95DBB /* Frameworks */,
				AC44F56720F069E200C95DBB /* Resources */,
				45C2CBAD4F1E6D304509A200 /* [CP] Embed Pods Frameworks */,
			);
			buildRules = (
			);
			dependencies = (
			);
			name = PairProgramming;
			productName = PairProgramming;
			productReference = AC44F56920F069E200C95DBB /* PairProgramming.app */;
			productType = "com.apple.product-type.application";
		};
		AC44F58320F06E2200C95DBB /* PairProgrammingTests */ = {
			isa = PBXNativeTarget;
			buildConfigurationList = AC44F58D20F06E2200C95DBB /* Build configuration list for PBXNativeTarget "PairProgrammingTests" */;
			buildPhases = (
				FD9EBCD4C6ADC4DC371C1A2F /* [CP] Check Pods Manifest.lock */,
				AC44F58020F06E2200C95DBB /* Sources */,
				AC44F58120F06E2200C95DBB /* Frameworks */,
				AC44F58220F06E2200C95DBB /* Resources */,
				CB8188C70084188F01FC49B0 /* [CP] Embed Pods Frameworks */,
			);
			buildRules = (
			);
			dependencies = (
				AC44F58A20F06E2200C95DBB /* PBXTargetDependency */,
			);
			name = PairProgrammingTests;
			productName = PairProgrammingTests;
			productReference = AC44F58420F06E2200C95DBB /* PairProgrammingTests.xctest */;
			productType = "com.apple.product-type.bundle.unit-test";
		};
/* End PBXNativeTarget section */

/* Begin PBXProject section */
		AC44F56120F069E200C95DBB /* Project object */ = {
			isa = PBXProject;
			attributes = {
				LastSwiftUpdateCheck = 0940;
				LastUpgradeCheck = 0940;
				ORGANIZATIONNAME = Stationhead;
				TargetAttributes = {
					AC44F56820F069E200C95DBB = {
						CreatedOnToolsVersion = 9.4.1;
					};
					AC44F58320F06E2200C95DBB = {
						CreatedOnToolsVersion = 9.4.1;
						LastSwiftMigration = 0940;
						TestTargetID = AC44F56820F069E200C95DBB;
					};
				};
			};
			buildConfigurationList = AC44F56420F069E200C95DBB /* Build configuration list for PBXProject "PairProgramming" */;
			compatibilityVersion = "Xcode 9.3";
			developmentRegion = en;
			hasScannedForEncodings = 0;
			knownRegions = (
				en,
				Base,
			);
			mainGroup = AC44F56020F069E200C95DBB;
			productRefGroup = AC44F56A20F069E200C95DBB /* Products */;
			projectDirPath = "";
			projectRoot = "";
			targets = (
				AC44F56820F069E200C95DBB /* PairProgramming */,
				AC44F58320F06E2200C95DBB /* PairProgrammingTests */,
			);
		};
/* End PBXProject section */

/* Begin PBXResourcesBuildPhase section */
		AC44F56720F069E200C95DBB /* Resources */ = {
			isa = PBXResourcesBuildPhase;
			buildActionMask = 2147483647;
			files = (
				AC44F57720F069E300C95DBB /* LaunchScreen.storyboard in Resources */,
				AC44F57420F069E300C95DBB /* Assets.xcassets in Resources */,
				ACA600B8236B4ECB0075EC39 /* Notes.txt in Resources */,
			);
			runOnlyForDeploymentPostprocessing = 0;
		};
		AC44F58220F06E2200C95DBB /* Resources */ = {
			isa = PBXResourcesBuildPhase;
			buildActionMask = 2147483647;
			files = (
			);
			runOnlyForDeploymentPostprocessing = 0;
		};
/* End PBXResourcesBuildPhase section */

/* Begin PBXShellScriptBuildPhase section */
		45C2CBAD4F1E6D304509A200 /* [CP] Embed Pods Frameworks */ = {
			isa = PBXShellScriptBuildPhase;
			buildActionMask = 2147483647;
			files = (
			);
			inputFileListPaths = (
				"${PODS_ROOT}/Target Support Files/Pods-PairProgramming/Pods-PairProgramming-frameworks-${CONFIGURATION}-input-files.xcfilelist",
			);
			name = "[CP] Embed Pods Frameworks";
			outputFileListPaths = (
				"${PODS_ROOT}/Target Support Files/Pods-PairProgramming/Pods-PairProgramming-frameworks-${CONFIGURATION}-output-files.xcfilelist",
			);
			runOnlyForDeploymentPostprocessing = 0;
			shellPath = /bin/sh;
			shellScript = "\"${PODS_ROOT}/Target Support Files/Pods-PairProgramming/Pods-PairProgramming-frameworks.sh\"\n";
			showEnvVarsInLog = 0;
		};
		A6BA0A0300A7C6CE16139AB6 /* [CP] Check Pods Manifest.lock */ = {
			isa = PBXShellScriptBuildPhase;
			buildActionMask = 2147483647;
			files = (
			);
			inputPaths = (
				"${PODS_PODFILE_DIR_PATH}/Podfile.lock",
				"${PODS_ROOT}/Manifest.lock",
			);
			name = "[CP] Check Pods Manifest.lock";
			outputPaths = (
				"$(DERIVED_FILE_DIR)/Pods-PairProgramming-checkManifestLockResult.txt",
			);
			runOnlyForDeploymentPostprocessing = 0;
			shellPath = /bin/sh;
			shellScript = "diff \"${PODS_PODFILE_DIR_PATH}/Podfile.lock\" \"${PODS_ROOT}/Manifest.lock\" > /dev/null\nif [ $? != 0 ] ; then\n    # print error to STDERR\n    echo \"error: The sandbox is not in sync with the Podfile.lock. Run 'pod install' or update your CocoaPods installation.\" >&2\n    exit 1\nfi\n# This output is used by Xcode 'outputs' to avoid re-running this script phase.\necho \"SUCCESS\" > \"${SCRIPT_OUTPUT_FILE_0}\"\n";
			showEnvVarsInLog = 0;
		};
		CB8188C70084188F01FC49B0 /* [CP] Embed Pods Frameworks */ = {
			isa = PBXShellScriptBuildPhase;
			buildActionMask = 2147483647;
			files = (
			);
			inputFileListPaths = (
				"${PODS_ROOT}/Target Support Files/Pods-PairProgrammingTests/Pods-PairProgrammingTests-frameworks-${CONFIGURATION}-input-files.xcfilelist",
			);
			name = "[CP] Embed Pods Frameworks";
			outputFileListPaths = (
				"${PODS_ROOT}/Target Support Files/Pods-PairProgrammingTests/Pods-PairProgrammingTests-frameworks-${CONFIGURATION}-output-files.xcfilelist",
			);
			runOnlyForDeploymentPostprocessing = 0;
			shellPath = /bin/sh;
			shellScript = "\"${PODS_ROOT}/Target Support Files/Pods-PairProgrammingTests/Pods-PairProgrammingTests-frameworks.sh\"\n";
			showEnvVarsInLog = 0;
		};
		FD9EBCD4C6ADC4DC371C1A2F /* [CP] Check Pods Manifest.lock */ = {
			isa = PBXShellScriptBuildPhase;
			buildActionMask = 2147483647;
			files = (
			);
			inputPaths = (
				"${PODS_PODFILE_DIR_PATH}/Podfile.lock",
				"${PODS_ROOT}/Manifest.lock",
			);
			name = "[CP] Check Pods Manifest.lock";
			outputPaths = (
				"$(DERIVED_FILE_DIR)/Pods-PairProgrammingTests-checkManifestLockResult.txt",
			);
			runOnlyForDeploymentPostprocessing = 0;
			shellPath = /bin/sh;
			shellScript = "diff \"${PODS_PODFILE_DIR_PATH}/Podfile.lock\" \"${PODS_ROOT}/Manifest.lock\" > /dev/null\nif [ $? != 0 ] ; then\n    # print error to STDERR\n    echo \"error: The sandbox is not in sync with the Podfile.lock. Run 'pod install' or update your CocoaPods installation.\" >&2\n    exit 1\nfi\n# This output is used by Xcode 'outputs' to avoid re-running this script phase.\necho \"SUCCESS\" > \"${SCRIPT_OUTPUT_FILE_0}\"\n";
			showEnvVarsInLog = 0;
		};
/* End PBXShellScriptBuildPhase section */

/* Begin PBXSourcesBuildPhase section */
		AC44F56520F069E200C95DBB /* Sources */ = {
			isa = PBXSourcesBuildPhase;
			buildActionMask = 2147483647;
			files = (
				AC44F56F20F069E200C95DBB /* ViewController.swift in Sources */,
				AC44F56D20F069E200C95DBB /* AppDelegate.swift in Sources */,
				AC44F59520F06F4200C95DBB /* APIRequest.swift in Sources */,
				AC44F59220F06F0000C95DBB /* Globals.swift in Sources */,
			);
			runOnlyForDeploymentPostprocessing = 0;
		};
		AC44F58020F06E2200C95DBB /* Sources */ = {
			isa = PBXSourcesBuildPhase;
			buildActionMask = 2147483647;
			files = (
			);
			runOnlyForDeploymentPostprocessing = 0;
		};
/* End PBXSourcesBuildPhase section */

/* Begin PBXTargetDependency section */
		AC44F58A20F06E2200C95DBB /* PBXTargetDependency */ = {
			isa = PBXTargetDependency;
			target = AC44F56820F069E200C95DBB /* PairProgramming */;
			targetProxy = AC44F58920F06E2200C95DBB /* PBXContainerItemProxy */;
		};
/* End PBXTargetDependency section */

/* Begin PBXVariantGroup section */
		AC44F57520F069E300C95DBB /* LaunchScreen.storyboard */ = {
			isa = PBXVariantGroup;
			children = (
				AC44F57620F069E300C95DBB /* Base */,
			);
			name = LaunchScreen.storyboard;
			sourceTree = "<group>";
		};
/* End PBXVariantGroup section */

/* Begin XCBuildConfiguration section */
		AC44F57920F069E300C95DBB /* Debug */ = {
			isa = XCBuildConfiguration;
			buildSettings = {
				ALWAYS_SEARCH_USER_PATHS = NO;
				CLANG_ANALYZER_NONNULL = YES;
				CLANG_ANALYZER_NUMBER_OBJECT_CONVERSION = YES_AGGRESSIVE;
				CLANG_CXX_LANGUAGE_STANDARD = "gnu++14";
				CLANG_CXX_LIBRARY = "libc++";
				CLANG_ENABLE_MODULES = YES;
				CLANG_ENABLE_OBJC_ARC = YES;
				CLANG_ENABLE_OBJC_WEAK = YES;
				CLANG_WARN_BLOCK_CAPTURE_AUTORELEASING = YES;
				CLANG_WARN_BOOL_CONVERSION = YES;
				CLANG_WARN_COMMA = YES;
				CLANG_WARN_CONSTANT_CONVERSION = YES;
				CLANG_WARN_DEPRECATED_OBJC_IMPLEMENTATIONS = YES;
				CLANG_WARN_DIRECT_OBJC_ISA_USAGE = YES_ERROR;
				CLANG_WARN_DOCUMENTATION_COMMENTS = YES;
				CLANG_WARN_EMPTY_BODY = YES;
				CLANG_WARN_ENUM_CONVERSION = YES;
				CLANG_WARN_INFINITE_RECURSION = YES;
				CLANG_WARN_INT_CONVERSION = YES;
				CLANG_WARN_NON_LITERAL_NULL_CONVERSION = YES;
				CLANG_WARN_OBJC_IMPLICIT_RETAIN_SELF = YES;
				CLANG_WARN_OBJC_LITERAL_CONVERSION = YES;
				CLANG_WARN_OBJC_ROOT_CLASS = YES_ERROR;
				CLANG_WARN_RANGE_LOOP_ANALYSIS = YES;
				CLANG_WARN_STRICT_PROTOTYPES = YES;
				CLANG_WARN_SUSPICIOUS_MOVE = YES;
				CLANG_WARN_UNGUARDED_AVAILABILITY = YES_AGGRESSIVE;
				CLANG_WARN_UNREACHABLE_CODE = YES;
				CLANG_WARN__DUPLICATE_METHOD_MATCH = YES;
				CODE_SIGN_IDENTITY = "iPhone Developer";
				COPY_PHASE_STRIP = NO;
				DEBUG_INFORMATION_FORMAT = dwarf;
				ENABLE_STRICT_OBJC_MSGSEND = YES;
				ENABLE_TESTABILITY = YES;
				GCC_C_LANGUAGE_STANDARD = gnu11;
				GCC_DYNAMIC_NO_PIC = NO;
				GCC_NO_COMMON_BLOCKS = YES;
				GCC_OPTIMIZATION_LEVEL = 0;
				GCC_PREPROCESSOR_DEFINITIONS = (
					"DEBUG=1",
					"$(inherited)",
				);
				GCC_WARN_64_TO_32_BIT_CONVERSION = YES;
				GCC_WARN_ABOUT_RETURN_TYPE = YES_ERROR;
				GCC_WARN_UNDECLARED_SELECTOR = YES;
				GCC_WARN_UNINITIALIZED_AUTOS = YES_AGGRESSIVE;
				GCC_WARN_UNUSED_FUNCTION = YES;
				GCC_WARN_UNUSED_VARIABLE = YES;
				IPHONEOS_DEPLOYMENT_TARGET = 11.4;
				MTL_ENABLE_DEBUG_INFO = YES;
				ONLY_ACTIVE_ARCH = YES;
				SDKROOT = iphoneos;
				SWIFT_ACTIVE_COMPILATION_CONDITIONS = DEBUG;
				SWIFT_OPTIMIZATION_LEVEL = "-Onone";
			};
			name = Debug;
		};
		AC44F57A20F069E300C95DBB /* Release */ = {
			isa = XCBuildConfiguration;
			buildSettings = {
				ALWAYS_SEARCH_USER_PATHS = NO;
				CLANG_ANALYZER_NONNULL = YES;
				CLANG_ANALYZER_NUMBER_OBJECT_CONVERSION = YES_AGGRESSIVE;
				CLANG_CXX_LANGUAGE_STANDARD = "gnu++14";
				CLANG_CXX_LIBRARY = "libc++";
				CLANG_ENABLE_MODULES = YES;
				CLANG_ENABLE_OBJC_ARC = YES;
				CLANG_ENABLE_OBJC_WEAK = YES;
				CLANG_WARN_BLOCK_CAPTURE_AUTORELEASING = YES;
				CLANG_WARN_BOOL_CONVERSION = YES;
				CLANG_WARN_COMMA = YES;
				CLANG_WARN_CONSTANT_CONVERSION = YES;
				CLANG_WARN_DEPRECATED_OBJC_IMPLEMENTATIONS = YES;
				CLANG_WARN_DIRECT_OBJC_ISA_USAGE = YES_ERROR;
				CLANG_WARN_DOCUMENTATION_COMMENTS = YES;
				CLANG_WARN_EMPTY_BODY = YES;
				CLANG_WARN_ENUM_CONVERSION = YES;
				CLANG_WARN_INFINITE_RECURSION = YES;
				CLANG_WARN_INT_CONVERSION = YES;
				CLANG_WARN_NON_LITERAL_NULL_CONVERSION = YES;
				CLANG_WARN_OBJC_IMPLICIT_RETAIN_SELF = YES;
				CLANG_WARN_OBJC_LITERAL_CONVERSION = YES;
				CLANG_WARN_OBJC_ROOT_CLASS = YES_ERROR;
				CLANG_WARN_RANGE_LOOP_ANALYSIS = YES;
				CLANG_WARN_STRICT_PROTOTYPES = YES;
				CLANG_WARN_SUSPICIOUS_MOVE = YES;
				CLANG_WARN_UNGUARDED_AVAILABILITY = YES_AGGRESSIVE;
				CLANG_WARN_UNREACHABLE_CODE = YES;
				CLANG_WARN__DUPLICATE_METHOD_MATCH = YES;
				CODE_SIGN_IDENTITY = "iPhone Developer";
				COPY_PHASE_STRIP = NO;
				DEBUG_INFORMATION_FORMAT = "dwarf-with-dsym";
				ENABLE_NS_ASSERTIONS = NO;
				ENABLE_STRICT_OBJC_MSGSEND = YES;
				GCC_C_LANGUAGE_STANDARD = gnu11;
				GCC_NO_COMMON_BLOCKS = YES;
				GCC_WARN_64_TO_32_BIT_CONVERSION = YES;
				GCC_WARN_ABOUT_RETURN_TYPE = YES_ERROR;
				GCC_WARN_UNDECLARED_SELECTOR = YES;
				GCC_WARN_UNINITIALIZED_AUTOS = YES_AGGRESSIVE;
				GCC_WARN_UNUSED_FUNCTION = YES;
				GCC_WARN_UNUSED_VARIABLE = YES;
				IPHONEOS_DEPLOYMENT_TARGET = 11.4;
				MTL_ENABLE_DEBUG_INFO = NO;
				SDKROOT = iphoneos;
				SWIFT_COMPILATION_MODE = wholemodule;
				SWIFT_OPTIMIZATION_LEVEL = "-O";
				VALIDATE_PRODUCT = YES;
			};
			name = Release;
		};
		AC44F57C20F069E300C95DBB /* Debug */ = {
			isa = XCBuildConfiguration;
			baseConfigurationReference = ADD73B08B65596DC3BA857B7 /* Pods-PairProgramming.debug.xcconfig */;
			buildSettings = {
				ASSETCATALOG_COMPILER_APPICON_NAME = AppIcon;
				CODE_SIGN_STYLE = Automatic;
				DEVELOPMENT_TEAM = GCJRZ5LSTT;
				INFOPLIST_FILE = PairProgramming/Info.plist;
				LD_RUNPATH_SEARCH_PATHS = (
					"$(inherited)",
					"@executable_path/Frameworks",
				);
				PRODUCT_BUNDLE_IDENTIFIER = CP.PairProgramming;
				PRODUCT_NAME = "$(TARGET_NAME)";
				SWIFT_VERSION = 5.0;
				TARGETED_DEVICE_FAMILY = "1,2";
			};
			name = Debug;
		};
		AC44F57D20F069E300C95DBB /* Release */ = {
			isa = XCBuildConfiguration;
			baseConfigurationReference = 9C782BBA3B8E2896B30AD5ED /* Pods-PairProgramming.release.xcconfig */;
			buildSettings = {
				ASSETCATALOG_COMPILER_APPICON_NAME = AppIcon;
				CODE_SIGN_STYLE = Automatic;
				DEVELOPMENT_TEAM = GCJRZ5LSTT;
				INFOPLIST_FILE = PairProgramming/Info.plist;
				LD_RUNPATH_SEARCH_PATHS = (
					"$(inherited)",
					"@executable_path/Frameworks",
				);
				PRODUCT_BUNDLE_IDENTIFIER = CP.PairProgramming;
				PRODUCT_NAME = "$(TARGET_NAME)";
				SWIFT_VERSION = 5.0;
				TARGETED_DEVICE_FAMILY = "1,2";
			};
			name = Release;
		};
		AC44F58B20F06E2200C95DBB /* Debug */ = {
			isa = XCBuildConfiguration;
			baseConfigurationReference = DC6CAADFE97F3C59A12035D6 /* Pods-PairProgrammingTests.debug.xcconfig */;
			buildSettings = {
				BUNDLE_LOADER = "$(TEST_HOST)";
				CLANG_ENABLE_MODULES = YES;
				CODE_SIGN_STYLE = Automatic;
				DEVELOPMENT_TEAM = GCJRZ5LSTT;
				INFOPLIST_FILE = PairProgrammingTests/Info.plist;
				LD_RUNPATH_SEARCH_PATHS = (
					"$(inherited)",
					"@executable_path/Frameworks",
					"@loader_path/Frameworks",
				);
				PRODUCT_BUNDLE_IDENTIFIER = CP.PairProgrammingTests;
				PRODUCT_NAME = "$(TARGET_NAME)";
				SWIFT_OBJC_BRIDGING_HEADER = "PairProgrammingTests/PairProgrammingTests-Bridging-Header.h";
				SWIFT_OPTIMIZATION_LEVEL = "-Onone";
				SWIFT_VERSION = 4.0;
				TARGETED_DEVICE_FAMILY = "1,2";
				TEST_HOST = "$(BUILT_PRODUCTS_DIR)/PairProgramming.app/PairProgramming";
			};
			name = Debug;
		};
		AC44F58C20F06E2200C95DBB /* Release */ = {
			isa = XCBuildConfiguration;
			baseConfigurationReference = 7A5D4E0EE9E5D7F95B1717F5 /* Pods-PairProgrammingTests.release.xcconfig */;
			buildSettings = {
				BUNDLE_LOADER = "$(TEST_HOST)";
				CLANG_ENABLE_MODULES = YES;
				CODE_SIGN_STYLE = Automatic;
				DEVELOPMENT_TEAM = GCJRZ5LSTT;
				INFOPLIST_FILE = PairProgrammingTests/Info.plist;
				LD_RUNPATH_SEARCH_PATHS = (
					"$(inherited)",
					"@executable_path/Frameworks",
					"@loader_path/Frameworks",
				);
				PRODUCT_BUNDLE_IDENTIFIER = CP.PairProgrammingTests;
				PRODUCT_NAME = "$(TARGET_NAME)";
				SWIFT_OBJC_BRIDGING_HEADER = "PairProgrammingTests/PairProgrammingTests-Bridging-Header.h";
				SWIFT_VERSION = 4.0;
				TARGETED_DEVICE_FAMILY = "1,2";
				TEST_HOST = "$(BUILT_PRODUCTS_DIR)/PairProgramming.app/PairProgramming";
			};
			name = Release;
		};
/* End XCBuildConfiguration section */

/* Begin XCConfigurationList section */
		AC44F56420F069E200C95DBB /* Build configuration list for PBXProject "PairProgramming" */ = {
			isa = XCConfigurationList;
			buildConfigurations = (
				AC44F57920F069E300C95DBB /* Debug */,
				AC44F57A20F069E300C95DBB /* Release */,
			);
			defaultConfigurationIsVisible = 0;
			defaultConfigurationName = Release;
		};
		AC44F57B20F069E300C95DBB /* Build configuration list for PBXNativeTarget "PairProgramming" */ = {
			isa = XCConfigurationList;
			buildConfigurations = (
				AC44F57C20F069E300C95DBB /* Debug */,
				AC44F57D20F069E300C95DBB /* Release */,
			);
			defaultConfigurationIsVisible = 0;
			defaultConfigurationName = Release;
		};
		AC44F58D20F06E2200C95DBB /* Build configuration list for PBXNativeTarget "PairProgrammingTests" */ = {
			isa = XCConfigurationList;
			buildConfigurations = (
				AC44F58B20F06E2200C95DBB /* Debug */,
				AC44F58C20F06E2200C95DBB /* Release */,
			);
			defaultConfigurationIsVisible = 0;
			defaultConfigurationName = Release;
		};
/* End XCConfigurationList section */
	};
	rootObject = AC44F56120F069E200C95DBB /* Project object */;
}
